
Microsoft Visual Studio Solution File, Format Version 12.00
# Visual Studio Version 16
VisualStudioVersion = 16.0.29409.12
MinimumVisualStudioVersion = 10.0.40219.1
Project("{9A19103F-16F7-4668-BE54-9A1E7A4F7556}") = "BadCopy.Core.Test", "BadCopy.Core.Test\BadCopy.Core.Test.csproj", "{EA16392B-D589-4098-920F-1EB8C68EAED2}"
EndProject
Project("{9A19103F-16F7-4668-BE54-9A1E7A4F7556}") = "BadCopy.Core", "BadCopy.Core\BadCopy.Core.csproj", "{F013BD8F-6000-4D4B-A7BE-395772D80992}"
EndProject
Project("{9A19103F-16F7-4668-BE54-9A1E7A4F7556}") = "BadCopy.UI", "BadCopy.UI\BadCopy.UI.csproj", "{99B47B68-F365-4284-B0B3-29ADAC96854F}"
EndProject
Global
	GlobalSection(SolutionConfigurationPlatforms) = preSolution
		Debug|Any CPU = Debug|Any CPU
		Release|Any CPU = Release|Any CPU
	EndGlobalSection
	GlobalSection(ProjectConfigurationPlatforms) = postSolution
		{EA16392B-D589-4098-920F-1EB8C68EAED2}.Debug|Any CPU.ActiveCfg = Debug|Any CPU
		{EA16392B-D589-4098-920F-1EB8C68EAED2}.Debug|Any CPU.Build.0 = Debug|Any CPU
		{EA16392B-D589-4098-920F-1EB8C68EAED2}.Release|Any CPU.ActiveCfg = Release|Any CPU
		{EA16392B-D589-4098-920F-1EB8C68EAED2}.Release|Any CPU.Build.0 = Release|Any CPU
		{F013BD8F-6000-4D4B-A7BE-395772D80992}.Debug|Any CPU.ActiveCfg = Debug|Any CPU
		{F013BD8F-6000-4D4B-A7BE-395772D80992}.Debug|Any CPU.Build.0 = Debug|Any CPU
		{F013BD8F-6000-4D4B-A7BE-395772D80992}.Release|Any CPU.ActiveCfg = Release|Any CPU
		{F013BD8F-6000-4D4B-A7BE-395772D80992}.Release|Any CPU.Build.0 = Release|Any CPU
		{99B47B68-F365-4284-B0B3-29ADAC96854F}.Debug|Any CPU.ActiveCfg = Debug|Any CPU
		{99B47B68-F365-4284-B0B3-29ADAC96854F}.Debug|Any CPU.Build.0 = Debug|Any CPU
		{99B47B68-F365-4284-B0B3-29ADAC96854F}.Release|Any CPU.ActiveCfg = Release|Any CPU
		{99B47B68-F365-4284-B0B3-29ADAC96854F}.Release|Any CPU.Build.0 = Release|Any CPU
	EndGlobalSection
	GlobalSection(SolutionProperties) = preSolution
		HideSolutionNode = FALSE
	EndGlobalSection
	GlobalSection(ExtensibilityGlobals) = postSolution
		SolutionGuid = {4AEF0302-A183-4405-81C9-02C0F82C4BB6}
	EndGlobalSection
EndGlobal
